
Microsoft Visual Studio Solution File, Format Version 12.00
# Visual Studio 15
VisualStudioVersion = 15.0.28307.1500
MinimumVisualStudioVersion = 10.0.40219.1
Project("{FAE04EC0-301F-11D3-BF4B-00C04F79EFBC}") = "Mensajero", "Mensajero\Mensajero.csproj", "{7DA6409D-AF1A-48DD-A7CC-738B619E8A38}"
EndProject
Project("{FAE04EC0-301F-11D3-BF4B-00C04F79EFBC}") = "MensajeroModel", "MensajeroModel\MensajeroModel.csproj", "{5689CD5E-B62F-4A7B-8D96-30AB5E380DA6}"
EndProject
Global
	GlobalSection(SolutionConfigurationPlatforms) = preSolution
		Debug|Any CPU = Debug|Any CPU
		Release|Any CPU = Release|Any CPU
	EndGlobalSection
	GlobalSection(ProjectConfigurationPlatforms) = postSolution
		{7DA6409D-AF1A-48DD-A7CC-738B619E8A38}.Debug|Any CPU.ActiveCfg = Debug|Any CPU
		{7DA6409D-AF1A-48DD-A7CC-738B619E8A38}.Debug|Any CPU.Build.0 = Debug|Any CPU
		{7DA6409D-AF1A-48DD-A7CC-738B619E8A38}.Release|Any CPU.ActiveCfg = Release|Any CPU
		{7DA6409D-AF1A-48DD-A7CC-738B619E8A38}.Release|Any CPU.Build.0 = Release|Any CPU
		{5689CD5E-B62F-4A7B-8D96-30AB5E380DA6}.Debug|Any CPU.ActiveCfg = Debug|Any CPU
		{5689CD5E-B62F-4A7B-8D96-30AB5E380DA6}.Debug|Any CPU.Build.0 = Debug|Any CPU
		{5689CD5E-B62F-4A7B-8D96-30AB5E380DA6}.Release|Any CPU.ActiveCfg = Release|Any CPU
		{5689CD5E-B62F-4A7B-8D96-30AB5E380DA6}.Release|Any CPU.Build.0 = Release|Any CPU
	EndGlobalSection
	GlobalSection(SolutionProperties) = preSolution
		HideSolutionNode = FALSE
	EndGlobalSection
	GlobalSection(ExtensibilityGlobals) = postSolution
		SolutionGuid = {D09C9617-72E7-47CE-B26C-C28A4125D65A}
	EndGlobalSection
EndGlobal
